
Microsoft Visual Studio Solution File, Format Version 12.00
# Visual Studio 15
VisualStudioVersion = 15.0.28307.1433
MinimumVisualStudioVersion = 10.0.40219.1
Project("{FAE04EC0-301F-11D3-BF4B-00C04F79EFBC}") = "SimpleDataApp", "SimpleDataApp\SimpleDataApp.csproj", "{922917E6-EA17-4DE8-876E-A235EC15D35F}"
EndProject
Global
	GlobalSection(SolutionConfigurationPlatforms) = preSolution
		Debug|Any CPU = Debug|Any CPU
		Release|Any CPU = Release|Any CPU
	EndGlobalSection
	GlobalSection(ProjectConfigurationPlatforms) = postSolution
		{922917E6-EA17-4DE8-876E-A235EC15D35F}.Debug|Any CPU.ActiveCfg = Debug|Any CPU
		{922917E6-EA17-4DE8-876E-A235EC15D35F}.Debug|Any CPU.Build.0 = Debug|Any CPU
		{922917E6-EA17-4DE8-876E-A235EC15D35F}.Release|Any CPU.ActiveCfg = Release|Any CPU
		{922917E6-EA17-4DE8-876E-A235EC15D35F}.Release|Any CPU.Build.0 = Release|Any CPU
	EndGlobalSection
	GlobalSection(SolutionProperties) = preSolution
		HideSolutionNode = FALSE
	EndGlobalSection
	GlobalSection(ExtensibilityGlobals) = postSolution
		SolutionGuid = {2A709000-61DA-4D93-926E-BE7DEFD7AF79}
	EndGlobalSection
EndGlobal
